
Microsoft Visual Studio Solution File, Format Version 12.00
# Visual Studio Version 17
VisualStudioVersion = 17.3.32825.248
MinimumVisualStudioVersion = 10.0.40219.1
Project("{FAE04EC0-301F-11D3-BF4B-00C04F79EFBC}") = "ChapeauUI", "Chapeau\ChapeauUI.csproj", "{91488D1C-73DA-4643-B623-780861D63C3D}"
EndProject
Project("{FAE04EC0-301F-11D3-BF4B-00C04F79EFBC}") = "DAL", "DAL\DAL.csproj", "{D68B88BF-8725-4244-8754-9D2A642A3E5D}"
EndProject
Project("{FAE04EC0-301F-11D3-BF4B-00C04F79EFBC}") = "Model", "Model\Model.csproj", "{DB41324B-E80C-4B15-8A53-F07D2EE222F1}"
EndProject
Project("{FAE04EC0-301F-11D3-BF4B-00C04F79EFBC}") = "Service", "Service\Service.csproj", "{11AD379E-916A-4596-9545-073E102190DB}"
EndProject
Global
	GlobalSection(SolutionConfigurationPlatforms) = preSolution
		Debug|Any CPU = Debug|Any CPU
		Release|Any CPU = Release|Any CPU
	EndGlobalSection
	GlobalSection(ProjectConfigurationPlatforms) = postSolution
		{91488D1C-73DA-4643-B623-780861D63C3D}.Debug|Any CPU.ActiveCfg = Debug|Any CPU
		{91488D1C-73DA-4643-B623-780861D63C3D}.Debug|Any CPU.Build.0 = Debug|Any CPU
		{91488D1C-73DA-4643-B623-780861D63C3D}.Release|Any CPU.ActiveCfg = Release|Any CPU
		{91488D1C-73DA-4643-B623-780861D63C3D}.Release|Any CPU.Build.0 = Release|Any CPU
		{D68B88BF-8725-4244-8754-9D2A642A3E5D}.Debug|Any CPU.ActiveCfg = Debug|Any CPU
		{D68B88BF-8725-4244-8754-9D2A642A3E5D}.Debug|Any CPU.Build.0 = Debug|Any CPU
		{D68B88BF-8725-4244-8754-9D2A642A3E5D}.Release|Any CPU.ActiveCfg = Release|Any CPU
		{D68B88BF-8725-4244-8754-9D2A642A3E5D}.Release|Any CPU.Build.0 = Release|Any CPU
		{DB41324B-E80C-4B15-8A53-F07D2EE222F1}.Debug|Any CPU.ActiveCfg = Debug|Any CPU
		{DB41324B-E80C-4B15-8A53-F07D2EE222F1}.Debug|Any CPU.Build.0 = Debug|Any CPU
		{DB41324B-E80C-4B15-8A53-F07D2EE222F1}.Release|Any CPU.ActiveCfg = Release|Any CPU
		{DB41324B-E80C-4B15-8A53-F07D2EE222F1}.Release|Any CPU.Build.0 = Release|Any CPU
		{11AD379E-916A-4596-9545-073E102190DB}.Debug|Any CPU.ActiveCfg = Debug|Any CPU
		{11AD379E-916A-4596-9545-073E102190DB}.Debug|Any CPU.Build.0 = Debug|Any CPU
		{11AD379E-916A-4596-9545-073E102190DB}.Release|Any CPU.ActiveCfg = Release|Any CPU
		{11AD379E-916A-4596-9545-073E102190DB}.Release|Any CPU.Build.0 = Release|Any CPU
	EndGlobalSection
	GlobalSection(SolutionProperties) = preSolution
		HideSolutionNode = FALSE
	EndGlobalSection
	GlobalSection(ExtensibilityGlobals) = postSolution
		SolutionGuid = {6E809C6D-D36C-4663-8BDE-19E52552AFAA}
	EndGlobalSection
EndGlobal
